
Microsoft Visual Studio Solution File, Format Version 12.00
# Visual Studio Version 17
VisualStudioVersion = 17.3.32804.467
MinimumVisualStudioVersion = 10.0.40219.1
Project("{9A19103F-16F7-4668-BE54-9A1E7A4F7556}") = "Calculator", "Calculator\Calculator.csproj", "{87506F58-76F0-4C56-BBE9-3A4F4026CD24}"
EndProject
Project("{9A19103F-16F7-4668-BE54-9A1E7A4F7556}") = "CalculatorTests", "CalculatorTests\CalculatorTests.csproj", "{413F60A0-FC02-442D-9240-3B1231A95820}"
EndProject
Global
	GlobalSection(SolutionConfigurationPlatforms) = preSolution
		Debug|Any CPU = Debug|Any CPU
		Release|Any CPU = Release|Any CPU
	EndGlobalSection
	GlobalSection(ProjectConfigurationPlatforms) = postSolution
		{87506F58-76F0-4C56-BBE9-3A4F4026CD24}.Debug|Any CPU.ActiveCfg = Debug|Any CPU
		{87506F58-76F0-4C56-BBE9-3A4F4026CD24}.Debug|Any CPU.Build.0 = Debug|Any CPU
		{87506F58-76F0-4C56-BBE9-3A4F4026CD24}.Release|Any CPU.ActiveCfg = Release|Any CPU
		{87506F58-76F0-4C56-BBE9-3A4F4026CD24}.Release|Any CPU.Build.0 = Release|Any CPU
		{413F60A0-FC02-442D-9240-3B1231A95820}.Debug|Any CPU.ActiveCfg = Debug|Any CPU
		{413F60A0-FC02-442D-9240-3B1231A95820}.Debug|Any CPU.Build.0 = Debug|Any CPU
		{413F60A0-FC02-442D-9240-3B1231A95820}.Release|Any CPU.ActiveCfg = Release|Any CPU
		{413F60A0-FC02-442D-9240-3B1231A95820}.Release|Any CPU.Build.0 = Release|Any CPU
	EndGlobalSection
	GlobalSection(SolutionProperties) = preSolution
		HideSolutionNode = FALSE
	EndGlobalSection
	GlobalSection(ExtensibilityGlobals) = postSolution
		SolutionGuid = {7E6803C1-9A67-428F-BE22-D87F5938C540}
	EndGlobalSection
EndGlobal
